
Microsoft Visual Studio Solution File, Format Version 12.00
# Visual Studio Version 17
VisualStudioVersion = 17.8.34525.116
MinimumVisualStudioVersion = 10.0.40219.1
Project("{FAE04EC0-301F-11D3-BF4B-00C04F79EFBC}") = "SistemaInventario", "SistemaInventario\SistemaInventario.csproj", "{9D4E622E-BEB1-4371-BC48-3B9603505F45}"
EndProject
Global
	GlobalSection(SolutionConfigurationPlatforms) = preSolution
		Debug|Any CPU = Debug|Any CPU
		Release|Any CPU = Release|Any CPU
	EndGlobalSection
	GlobalSection(ProjectConfigurationPlatforms) = postSolution
		{9D4E622E-BEB1-4371-BC48-3B9603505F45}.Debug|Any CPU.ActiveCfg = Debug|Any CPU
		{9D4E622E-BEB1-4371-BC48-3B9603505F45}.Debug|Any CPU.Build.0 = Debug|Any CPU
		{9D4E622E-BEB1-4371-BC48-3B9603505F45}.Release|Any CPU.ActiveCfg = Release|Any CPU
		{9D4E622E-BEB1-4371-BC48-3B9603505F45}.Release|Any CPU.Build.0 = Release|Any CPU
	EndGlobalSection
	GlobalSection(SolutionProperties) = preSolution
		HideSolutionNode = FALSE
	EndGlobalSection
	GlobalSection(ExtensibilityGlobals) = postSolution
		SolutionGuid = {7E0FC6D0-A0C8-49B4-9486-228B40A942E3}
	EndGlobalSection
EndGlobal
